
Microsoft Visual Studio Solution File, Format Version 12.00
# Visual Studio Version 17
VisualStudioVersion = 17.14.36401.2 d17.14
MinimumVisualStudioVersion = 10.0.40219.1
Project("{FAE04EC0-301F-11D3-BF4B-00C04F79EFBC}") = "GamehubSteamScraper", "GamehubSteamScraper.csproj", "{A221F0E2-A6C0-42F8-500E-3BDCF963DC09}"
EndProject
Global
	GlobalSection(SolutionConfigurationPlatforms) = preSolution
		Debug|Any CPU = Debug|Any CPU
		Release|Any CPU = Release|Any CPU
	EndGlobalSection
	GlobalSection(ProjectConfigurationPlatforms) = postSolution
		{A221F0E2-A6C0-42F8-500E-3BDCF963DC09}.Debug|Any CPU.ActiveCfg = Debug|Any CPU
		{A221F0E2-A6C0-42F8-500E-3BDCF963DC09}.Debug|Any CPU.Build.0 = Debug|Any CPU
		{A221F0E2-A6C0-42F8-500E-3BDCF963DC09}.Release|Any CPU.ActiveCfg = Release|Any CPU
		{A221F0E2-A6C0-42F8-500E-3BDCF963DC09}.Release|Any CPU.Build.0 = Release|Any CPU
	EndGlobalSection
	GlobalSection(SolutionProperties) = preSolution
		HideSolutionNode = FALSE
	EndGlobalSection
	GlobalSection(ExtensibilityGlobals) = postSolution
		SolutionGuid = {741007BA-0DD7-40DC-9C5E-B734E49B4F2A}
	EndGlobalSection
EndGlobal
